
Microsoft Visual Studio Solution File, Format Version 12.00
# Visual Studio Version 16
VisualStudioVersion = 16.0.30611.23
MinimumVisualStudioVersion = 10.0.40219.1
Project("{FAE04EC0-301F-11D3-BF4B-00C04F79EFBC}") = "Pet-Pillbox", "Pet-Pillbox.csproj", "{7411C5F8-C95C-4FA5-81DC-A5177E857D2D}"
EndProject
Global
	GlobalSection(SolutionConfigurationPlatforms) = preSolution
		Debug|Any CPU = Debug|Any CPU
		Release|Any CPU = Release|Any CPU
	EndGlobalSection
	GlobalSection(ProjectConfigurationPlatforms) = postSolution
		{7411C5F8-C95C-4FA5-81DC-A5177E857D2D}.Debug|Any CPU.ActiveCfg = Debug|Any CPU
		{7411C5F8-C95C-4FA5-81DC-A5177E857D2D}.Debug|Any CPU.Build.0 = Debug|Any CPU
		{7411C5F8-C95C-4FA5-81DC-A5177E857D2D}.Release|Any CPU.ActiveCfg = Release|Any CPU
		{7411C5F8-C95C-4FA5-81DC-A5177E857D2D}.Release|Any CPU.Build.0 = Release|Any CPU
	EndGlobalSection
	GlobalSection(SolutionProperties) = preSolution
		HideSolutionNode = FALSE
	EndGlobalSection
	GlobalSection(ExtensibilityGlobals) = postSolution
		SolutionGuid = {73E7C1DC-A60E-4887-9D11-0B20789BFB57}
	EndGlobalSection
EndGlobal
